
Microsoft Visual Studio Solution File, Format Version 11.00
# Visual Studio 2010
Project("{8BC9CEB8-8B4A-11D0-8D11-00A0C91BC942}") = "Assignment 2", "Assignment 2\Assignment 2.vcxproj", "{F34ECC83-C271-45FF-B7F6-2A329090245E}"
EndProject
Global
	GlobalSection(SolutionConfigurationPlatforms) = preSolution
		Debug|Win32 = Debug|Win32
		Release|Win32 = Release|Win32
	EndGlobalSection
	GlobalSection(ProjectConfigurationPlatforms) = postSolution
		{F34ECC83-C271-45FF-B7F6-2A329090245E}.Debug|Win32.ActiveCfg = Debug|Win32
		{F34ECC83-C271-45FF-B7F6-2A329090245E}.Debug|Win32.Build.0 = Debug|Win32
		{F34ECC83-C271-45FF-B7F6-2A329090245E}.Release|Win32.ActiveCfg = Release|Win32
		{F34ECC83-C271-45FF-B7F6-2A329090245E}.Release|Win32.Build.0 = Release|Win32
	EndGlobalSection
	GlobalSection(SolutionProperties) = preSolution
		HideSolutionNode = FALSE
	EndGlobalSection
EndGlobal
